
Microsoft Visual Studio Solution File, Format Version 12.00
# Visual Studio Version 17
VisualStudioVersion = 17.5.002.0
MinimumVisualStudioVersion = 10.0.40219.1
Project("{9A19103F-16F7-4668-BE54-9A1E7A4F7556}") = "CIB.CorporateAdmin", "CIB.CorporateAdmin.csproj", "{A6EF99E8-C093-4C37-B4A1-DBA380647C27}"
EndProject
Global
	GlobalSection(SolutionConfigurationPlatforms) = preSolution
		Debug|Any CPU = Debug|Any CPU
		Release|Any CPU = Release|Any CPU
	EndGlobalSection
	GlobalSection(ProjectConfigurationPlatforms) = postSolution
		{A6EF99E8-C093-4C37-B4A1-DBA380647C27}.Debug|Any CPU.ActiveCfg = Debug|Any CPU
		{A6EF99E8-C093-4C37-B4A1-DBA380647C27}.Debug|Any CPU.Build.0 = Debug|Any CPU
		{A6EF99E8-C093-4C37-B4A1-DBA380647C27}.Release|Any CPU.ActiveCfg = Release|Any CPU
		{A6EF99E8-C093-4C37-B4A1-DBA380647C27}.Release|Any CPU.Build.0 = Release|Any CPU
	EndGlobalSection
	GlobalSection(SolutionProperties) = preSolution
		HideSolutionNode = FALSE
	EndGlobalSection
	GlobalSection(ExtensibilityGlobals) = postSolution
		SolutionGuid = {AD0D6699-1481-401C-B153-14E49273BFA1}
	EndGlobalSection
EndGlobal
