
Microsoft Visual Studio Solution File, Format Version 12.00
# Visual Studio Version 17
VisualStudioVersion = 17.5.002.0
MinimumVisualStudioVersion = 10.0.40219.1
Project("{9A19103F-16F7-4668-BE54-9A1E7A4F7556}") = "CIB.TransactionReversalService", "CIB.TransactionReversalService.csproj", "{D5D7B063-57E5-4525-BAC3-35DA1DFF5774}"
EndProject
Global
	GlobalSection(SolutionConfigurationPlatforms) = preSolution
		Debug|Any CPU = Debug|Any CPU
		Release|Any CPU = Release|Any CPU
	EndGlobalSection
	GlobalSection(ProjectConfigurationPlatforms) = postSolution
		{D5D7B063-57E5-4525-BAC3-35DA1DFF5774}.Debug|Any CPU.ActiveCfg = Debug|Any CPU
		{D5D7B063-57E5-4525-BAC3-35DA1DFF5774}.Debug|Any CPU.Build.0 = Debug|Any CPU
		{D5D7B063-57E5-4525-BAC3-35DA1DFF5774}.Release|Any CPU.ActiveCfg = Release|Any CPU
		{D5D7B063-57E5-4525-BAC3-35DA1DFF5774}.Release|Any CPU.Build.0 = Release|Any CPU
	EndGlobalSection
	GlobalSection(SolutionProperties) = preSolution
		HideSolutionNode = FALSE
	EndGlobalSection
	GlobalSection(ExtensibilityGlobals) = postSolution
		SolutionGuid = {A7E045D7-5533-4016-ADA1-F6FB8371973F}
	EndGlobalSection
EndGlobal
