
Microsoft Visual Studio Solution File, Format Version 12.00
# Visual Studio Version 17
VisualStudioVersion = 17.5.002.0
MinimumVisualStudioVersion = 10.0.40219.1
Project("{9A19103F-16F7-4668-BE54-9A1E7A4F7556}") = "CIB.InterBankTransactionService", "CIB.InterBankTransactionService.csproj", "{C991D4F6-B131-4E90-89A7-8ECA38F9EC26}"
EndProject
Global
	GlobalSection(SolutionConfigurationPlatforms) = preSolution
		Debug|Any CPU = Debug|Any CPU
		Release|Any CPU = Release|Any CPU
	EndGlobalSection
	GlobalSection(ProjectConfigurationPlatforms) = postSolution
		{C991D4F6-B131-4E90-89A7-8ECA38F9EC26}.Debug|Any CPU.ActiveCfg = Debug|Any CPU
		{C991D4F6-B131-4E90-89A7-8ECA38F9EC26}.Debug|Any CPU.Build.0 = Debug|Any CPU
		{C991D4F6-B131-4E90-89A7-8ECA38F9EC26}.Release|Any CPU.ActiveCfg = Release|Any CPU
		{C991D4F6-B131-4E90-89A7-8ECA38F9EC26}.Release|Any CPU.Build.0 = Release|Any CPU
	EndGlobalSection
	GlobalSection(SolutionProperties) = preSolution
		HideSolutionNode = FALSE
	EndGlobalSection
	GlobalSection(ExtensibilityGlobals) = postSolution
		SolutionGuid = {85026117-A76A-40AA-B67B-812EB64432AC}
	EndGlobalSection
EndGlobal
